
Microsoft Visual Studio Solution File, Format Version 12.00
# Visual Studio Version 17
VisualStudioVersion = 17.9.34728.123
MinimumVisualStudioVersion = 10.0.40219.1
Project("{FAE04EC0-301F-11D3-BF4B-00C04F79EFBC}") = "Sistema_Condominio", "Sistema_Condominio.csproj", "{28AA0F04-0F32-4029-ABAD-97420C9ECA48}"
EndProject
Global
	GlobalSection(SolutionConfigurationPlatforms) = preSolution
		Debug|Any CPU = Debug|Any CPU
		Release|Any CPU = Release|Any CPU
	EndGlobalSection
	GlobalSection(ProjectConfigurationPlatforms) = postSolution
		{28AA0F04-0F32-4029-ABAD-97420C9ECA48}.Debug|Any CPU.ActiveCfg = Debug|Any CPU
		{28AA0F04-0F32-4029-ABAD-97420C9ECA48}.Debug|Any CPU.Build.0 = Debug|Any CPU
		{28AA0F04-0F32-4029-ABAD-97420C9ECA48}.Release|Any CPU.ActiveCfg = Release|Any CPU
		{28AA0F04-0F32-4029-ABAD-97420C9ECA48}.Release|Any CPU.Build.0 = Release|Any CPU
	EndGlobalSection
	GlobalSection(SolutionProperties) = preSolution
		HideSolutionNode = FALSE
	EndGlobalSection
	GlobalSection(ExtensibilityGlobals) = postSolution
		SolutionGuid = {7130BA8B-1A6C-4BB6-90D0-506440B51E39}
	EndGlobalSection
EndGlobal
